
Microsoft Visual Studio Solution File, Format Version 11.00
# Visual C# Express 2010
Project("{FAE04EC0-301F-11D3-BF4B-00C04F79EFBC}") = "L000108_lab_11_individual", "L000108_lab_11_individual.csproj", "{C121E5FD-23BF-4C8C-AB21-6D0D3E66BE17}"
EndProject
Global
	GlobalSection(SolutionConfigurationPlatforms) = preSolution
		Debug|x86 = Debug|x86
		Release|x86 = Release|x86
	EndGlobalSection
	GlobalSection(ProjectConfigurationPlatforms) = postSolution
		{C121E5FD-23BF-4C8C-AB21-6D0D3E66BE17}.Debug|x86.ActiveCfg = Debug|x86
		{C121E5FD-23BF-4C8C-AB21-6D0D3E66BE17}.Debug|x86.Build.0 = Debug|x86
		{C121E5FD-23BF-4C8C-AB21-6D0D3E66BE17}.Release|x86.ActiveCfg = Release|x86
		{C121E5FD-23BF-4C8C-AB21-6D0D3E66BE17}.Release|x86.Build.0 = Release|x86
	EndGlobalSection
	GlobalSection(SolutionProperties) = preSolution
		HideSolutionNode = FALSE
	EndGlobalSection
EndGlobal
